
Microsoft Visual Studio Solution File, Format Version 12.00
# Visual Studio Version 16
VisualStudioVersion = 16.0.30104.148
MinimumVisualStudioVersion = 10.0.40219.1
Project("{FAE04EC0-301F-11D3-BF4B-00C04F79EFBC}") = "OCR.UI", "OCR.UI\OCR.UI.csproj", "{74188000-A526-4EED-A0CB-218F82DCBDAB}"
EndProject
Global
	GlobalSection(SolutionConfigurationPlatforms) = preSolution
		Debug|Any CPU = Debug|Any CPU
		Release|Any CPU = Release|Any CPU
	EndGlobalSection
	GlobalSection(ProjectConfigurationPlatforms) = postSolution
		{74188000-A526-4EED-A0CB-218F82DCBDAB}.Debug|Any CPU.ActiveCfg = Debug|Any CPU
		{74188000-A526-4EED-A0CB-218F82DCBDAB}.Debug|Any CPU.Build.0 = Debug|Any CPU
		{74188000-A526-4EED-A0CB-218F82DCBDAB}.Release|Any CPU.ActiveCfg = Release|Any CPU
		{74188000-A526-4EED-A0CB-218F82DCBDAB}.Release|Any CPU.Build.0 = Release|Any CPU
	EndGlobalSection
	GlobalSection(SolutionProperties) = preSolution
		HideSolutionNode = FALSE
	EndGlobalSection
	GlobalSection(ExtensibilityGlobals) = postSolution
		SolutionGuid = {E798171A-74F0-4953-9ED3-6C7608A4CA81}
	EndGlobalSection
EndGlobal
